
Microsoft Visual Studio Solution File, Format Version 12.00
# Visual Studio Version 16
VisualStudioVersion = 16.0.31702.278
MinimumVisualStudioVersion = 10.0.40219.1
Project("{FAE04EC0-301F-11D3-BF4B-00C04F79EFBC}") = "Integration-tasting ef core", "Integration-tasting ef core\Integration-tasting ef core.csproj", "{B4E025DB-F6A9-43E4-9EA7-D6E03E21603C}"
EndProject
Project("{FAE04EC0-301F-11D3-BF4B-00C04F79EFBC}") = "TestProject", "TestProject\TestProject.csproj", "{A2CA20B2-EFE7-451C-AEBC-BFC5F4F11567}"
EndProject
Project("{2150E333-8FDC-42A3-9474-1A3956D46DE8}") = "Solution Items", "Solution Items", "{F073F8E0-867E-4668-8ED2-4188D8411AE2}"
	ProjectSection(SolutionItems) = preProject
		.editorconfig = .editorconfig
	EndProjectSection
EndProject
Global
	GlobalSection(SolutionConfigurationPlatforms) = preSolution
		Debug|Any CPU = Debug|Any CPU
		Release|Any CPU = Release|Any CPU
	EndGlobalSection
	GlobalSection(ProjectConfigurationPlatforms) = postSolution
		{B4E025DB-F6A9-43E4-9EA7-D6E03E21603C}.Debug|Any CPU.ActiveCfg = Debug|Any CPU
		{B4E025DB-F6A9-43E4-9EA7-D6E03E21603C}.Debug|Any CPU.Build.0 = Debug|Any CPU
		{B4E025DB-F6A9-43E4-9EA7-D6E03E21603C}.Release|Any CPU.ActiveCfg = Release|Any CPU
		{B4E025DB-F6A9-43E4-9EA7-D6E03E21603C}.Release|Any CPU.Build.0 = Release|Any CPU
		{A2CA20B2-EFE7-451C-AEBC-BFC5F4F11567}.Debug|Any CPU.ActiveCfg = Debug|Any CPU
		{A2CA20B2-EFE7-451C-AEBC-BFC5F4F11567}.Debug|Any CPU.Build.0 = Debug|Any CPU
		{A2CA20B2-EFE7-451C-AEBC-BFC5F4F11567}.Release|Any CPU.ActiveCfg = Release|Any CPU
		{A2CA20B2-EFE7-451C-AEBC-BFC5F4F11567}.Release|Any CPU.Build.0 = Release|Any CPU
	EndGlobalSection
	GlobalSection(SolutionProperties) = preSolution
		HideSolutionNode = FALSE
	EndGlobalSection
	GlobalSection(ExtensibilityGlobals) = postSolution
		SolutionGuid = {8BE1A9D7-9A2E-4A2F-9BAD-58FBA58961D1}
	EndGlobalSection
EndGlobal
